
Microsoft Visual Studio Solution File, Format Version 12.00
# Visual Studio Version 16
VisualStudioVersion = 16.0.29215.179
MinimumVisualStudioVersion = 10.0.40219.1
Project("{FAE04EC0-301F-11D3-BF4B-00C04F79EFBC}") = "Dependency Injection", "Dependency Injection\Dependency Injection.csproj", "{0A0BE476-D21A-41AF-B30A-6C406C69E379}"
EndProject
Global
	GlobalSection(SolutionConfigurationPlatforms) = preSolution
		Debug|Any CPU = Debug|Any CPU
		Release|Any CPU = Release|Any CPU
	EndGlobalSection
	GlobalSection(ProjectConfigurationPlatforms) = postSolution
		{0A0BE476-D21A-41AF-B30A-6C406C69E379}.Debug|Any CPU.ActiveCfg = Debug|Any CPU
		{0A0BE476-D21A-41AF-B30A-6C406C69E379}.Debug|Any CPU.Build.0 = Debug|Any CPU
		{0A0BE476-D21A-41AF-B30A-6C406C69E379}.Release|Any CPU.ActiveCfg = Release|Any CPU
		{0A0BE476-D21A-41AF-B30A-6C406C69E379}.Release|Any CPU.Build.0 = Release|Any CPU
	EndGlobalSection
	GlobalSection(SolutionProperties) = preSolution
		HideSolutionNode = FALSE
	EndGlobalSection
	GlobalSection(ExtensibilityGlobals) = postSolution
		SolutionGuid = {7DE7B065-C73C-4A33-B1A8-D743F15E258C}
	EndGlobalSection
EndGlobal
